
Microsoft Visual Studio Solution File, Format Version 12.00
# Visual Studio Version 16
VisualStudioVersion = 16.0.29102.190
MinimumVisualStudioVersion = 10.0.40219.1
Project("{FAE04EC0-301F-11D3-BF4B-00C04F79EFBC}") = "ImageProcessing", "ImageSoundProcessing\ImageProcessing.csproj", "{B85F82B3-A9F7-4F1E-991B-9EAA50CB19C3}"
EndProject
Project("{FAE04EC0-301F-11D3-BF4B-00C04F79EFBC}") = "SoundProcessing", "Sounds\SoundProcessing.csproj", "{D2BE9EB2-390B-4CEC-BF7C-971EBC69D4AA}"
EndProject
Global
	GlobalSection(SolutionConfigurationPlatforms) = preSolution
		Debug|Any CPU = Debug|Any CPU
		Release|Any CPU = Release|Any CPU
	EndGlobalSection
	GlobalSection(ProjectConfigurationPlatforms) = postSolution
		{B85F82B3-A9F7-4F1E-991B-9EAA50CB19C3}.Debug|Any CPU.ActiveCfg = Debug|Any CPU
		{B85F82B3-A9F7-4F1E-991B-9EAA50CB19C3}.Debug|Any CPU.Build.0 = Debug|Any CPU
		{B85F82B3-A9F7-4F1E-991B-9EAA50CB19C3}.Release|Any CPU.ActiveCfg = Release|Any CPU
		{B85F82B3-A9F7-4F1E-991B-9EAA50CB19C3}.Release|Any CPU.Build.0 = Release|Any CPU
		{D2BE9EB2-390B-4CEC-BF7C-971EBC69D4AA}.Debug|Any CPU.ActiveCfg = Debug|Any CPU
		{D2BE9EB2-390B-4CEC-BF7C-971EBC69D4AA}.Debug|Any CPU.Build.0 = Debug|Any CPU
		{D2BE9EB2-390B-4CEC-BF7C-971EBC69D4AA}.Release|Any CPU.ActiveCfg = Release|Any CPU
		{D2BE9EB2-390B-4CEC-BF7C-971EBC69D4AA}.Release|Any CPU.Build.0 = Release|Any CPU
	EndGlobalSection
	GlobalSection(SolutionProperties) = preSolution
		HideSolutionNode = FALSE
	EndGlobalSection
	GlobalSection(ExtensibilityGlobals) = postSolution
		SolutionGuid = {824CE009-3187-46E5-8466-07CE7666053D}
	EndGlobalSection
EndGlobal
